<?xml version="1.0" encoding="utf-8"?>
<Project ToolsVersion="4.0" xmlns="http://schemas.microsoft.com/developer/msbuild/2003">
  <ItemGroup>
    <Filter Include="Source Files">
      <UniqueIdentifier>{4FC737F1-C7A5-4376-A066-2A32D752A2FF}</UniqueIdentifier>
      <Extensions>cpp;c;cc;cxx;def;odl;idl;hpj;bat;asm;asmx</Extensions>
    </Filter>
    <Filter Include="Header Files">
      <UniqueIdentifier>{93995380-89BD-4b04-88EB-625FBE52EBFB}</UniqueIdentifier>
      <Extensions>h;hpp;hxx;hm;inl;inc;xsd</Extensions>
    </Filter>
    <Filter Include="Resource Files">
      <UniqueIdentifier>{67DA6AB6-F800-4c08-8B7A-83BB121AAD01}</UniqueIdentifier>
      <Extensions>rc;ico;cur;bmp;dlg;rc2;rct;bin;rgs;gif;jpg;jpeg;jpe;resx;tiff;tif;png;wav</Extensions>
    </Filter>
  </ItemGroup>
  <ItemGroup>
    <ClCompile Include="m_comment.cpp">
      <Filter>Source Files</Filter>
    </ClCompile>
    <ClCompile Include="Main.cpp">
      <Filter>Source Files</Filter>
    </ClCompile>
    <ClCompile Include="MathPageGen2.cpp">
      <Filter>Source Files</Filter>
    </ClCompile>
    <ClCompile Include="MathPageGenUI.cpp">
      <Filter>Source Files</Filter>
    </ClCompile>
    <ClCompile Include="mpgAboutDialog.cpp">
      <Filter>Source Files</Filter>
    </ClCompile>
    <ClCompile Include="mpgAdditionProbGen.cpp">
      <Filter>Source Files</Filter>
    </ClCompile>
    <ClCompile Include="mpgAlgebraProbGen.cpp">
      <Filter>Source Files</Filter>
    </ClCompile>
    <ClCompile Include="mpgAlgebraProblem.cpp">
      <Filter>Source Files</Filter>
    </ClCompile>
    <ClCompile Include="mpgArithmaticProblem.cpp">
      <Filter>Source Files</Filter>
    </ClCompile>
    <ClCompile Include="mpgFraction.cpp">
      <Filter>Source Files</Filter>
    </ClCompile>
    <ClCompile Include="mpgGenerationAlgorithm.cpp">
      <Filter>Source Files</Filter>
    </ClCompile>
    <ClCompile Include="mpgGenOptionsUI.cpp">
      <Filter>Source Files</Filter>
    </ClCompile>
    <ClCompile Include="mpgHtmlGenerator.cpp">
      <Filter>Source Files</Filter>
    </ClCompile>
    <ClCompile Include="mpgMathProblem.cpp">
      <Filter>Source Files</Filter>
    </ClCompile>
    <ClCompile Include="mpgMenuBar.cpp">
      <Filter>Source Files</Filter>
    </ClCompile>
    <ClCompile Include="mpgMultiplicationProbGen.cpp">
      <Filter>Source Files</Filter>
    </ClCompile>
    <ClCompile Include="mpgStatusBar.cpp">
      <Filter>Source Files</Filter>
    </ClCompile>
    <ClCompile Include="mpgSubtractionProbGen.cpp">
      <Filter>Source Files</Filter>
    </ClCompile>
    <ClCompile Include="wxUtilities.cpp">
      <Filter>Source Files</Filter>
    </ClCompile>
  </ItemGroup>
  <ItemGroup>
    <ClInclude Include="arrow_png.h">
      <Filter>Header Files</Filter>
    </ClInclude>
    <ClInclude Include="genopts_png.h">
      <Filter>Header Files</Filter>
    </ClInclude>
    <ClInclude Include="license.h">
      <Filter>Header Files</Filter>
    </ClInclude>
    <ClInclude Include="MathPageGen2.h">
      <Filter>Header Files</Filter>
    </ClInclude>
    <ClInclude Include="MathPageGenUI.h">
      <Filter>Header Files</Filter>
    </ClInclude>
    <ClInclude Include="mpgAboutDialog.h">
      <Filter>Header Files</Filter>
    </ClInclude>
    <ClInclude Include="mpgAdditionProbGen.h">
      <Filter>Header Files</Filter>
    </ClInclude>
    <ClInclude Include="mpgAlgebraProbGen.h">
      <Filter>Header Files</Filter>
    </ClInclude>
    <ClInclude Include="mpgAlgebraProblem.h">
      <Filter>Header Files</Filter>
    </ClInclude>
    <ClInclude Include="mpgArithmaticProblem.h">
      <Filter>Header Files</Filter>
    </ClInclude>
    <ClInclude Include="mpgConstants.h">
      <Filter>Header Files</Filter>
    </ClInclude>
    <ClInclude Include="mpgFraction.h">
      <Filter>Header Files</Filter>
    </ClInclude>
    <ClInclude Include="mpgGenerationAlgorithm.h">
      <Filter>Header Files</Filter>
    </ClInclude>
    <ClInclude Include="mpgGenOptionsUI.h">
      <Filter>Header Files</Filter>
    </ClInclude>
    <ClInclude Include="mpgHtmlGenerator.h">
      <Filter>Header Files</Filter>
    </ClInclude>
    <ClInclude Include="mpgMathProblem.h">
      <Filter>Header Files</Filter>
    </ClInclude>
    <ClInclude Include="mpgMenuBar.h">
      <Filter>Header Files</Filter>
    </ClInclude>
    <ClInclude Include="mpgMultiplicationProbGen.h">
      <Filter>Header Files</Filter>
    </ClInclude>
    <ClInclude Include="mpgStatusBar.h">
      <Filter>Header Files</Filter>
    </ClInclude>
    <ClInclude Include="mpgSubtractionProbGen.h">
      <Filter>Header Files</Filter>
    </ClInclude>
    <ClInclude Include="resource.h">
      <Filter>Header Files</Filter>
    </ClInclude>
    <ClInclude Include="wxUtilities.h">
      <Filter>Header Files</Filter>
    </ClInclude>
  </ItemGroup>
  <ItemGroup>
    <Image Include="app.ico">
      <Filter>Resource Files</Filter>
    </Image>
  </ItemGroup>
  <ItemGroup>
    <None Include="app.xpm">
      <Filter>Resource Files</Filter>
    </None>
    <None Include="MathPageGen2.htb">
      <Filter>Resource Files</Filter>
    </None>
  </ItemGroup>
  <ItemGroup>
    <ResourceCompile Include="Resources.rc">
      <Filter>Resource Files</Filter>
    </ResourceCompile>
  </ItemGroup>
</Project>